
Microsoft Visual Studio Solution File, Format Version 12.00
# Visual Studio Version 16
VisualStudioVersion = 16.0.30711.63
MinimumVisualStudioVersion = 10.0.40219.1
Project("{888888A0-9F3D-457C-B088-3A5042F75D52}") = "Bluetooth", "Bluetooth\Bluetooth.pyproj", "{79658B82-7068-4CA2-AB06-69BD0BC1F2CD}"
EndProject
Global
	GlobalSection(SolutionConfigurationPlatforms) = preSolution
		Debug|Any CPU = Debug|Any CPU
		Release|Any CPU = Release|Any CPU
	EndGlobalSection
	GlobalSection(ProjectConfigurationPlatforms) = postSolution
		{79658B82-7068-4CA2-AB06-69BD0BC1F2CD}.Debug|Any CPU.ActiveCfg = Debug|Any CPU
		{79658B82-7068-4CA2-AB06-69BD0BC1F2CD}.Release|Any CPU.ActiveCfg = Release|Any CPU
	EndGlobalSection
	GlobalSection(SolutionProperties) = preSolution
		HideSolutionNode = FALSE
	EndGlobalSection
	GlobalSection(ExtensibilityGlobals) = postSolution
		SolutionGuid = {F7CF5FA4-EB91-4283-A1AF-8873109A3968}
	EndGlobalSection
EndGlobal
